PODS:
  - AudioKit/Core (4.6.1)
  - RxAtomic (4.4.1)
  - RxSwift (4.4.1):
    - RxAtomic (~> 4.4)
  - Socket.IO-Client-Swift (14.0.0):
    - Starscream (~> 3.0.6)
  - Starscream (3.0.6)

DEPENDENCIES:
  - AudioKit/Core
  - RxSwift
  - Socket.IO-Client-Swift

SPEC REPOS:
  https://github.com/cocoapods/specs.git:
    - AudioKit
    - RxAtomic
    - RxSwift
    - Socket.IO-Client-Swift
    - Starscream

SPEC CHECKSUMS:
  AudioKit: 76f8f5dbed135967b91b6cc6aa970e3d30226134
  RxAtomic: f8d6adc1ccb87a767811269e4875887bc74dbf19
  RxSwift: 92fcf68dfef21f3e2ab1965363d9e7b3d787597e
  Socket.IO-Client-Swift: 21e6a8a23a7d367d5ddfab6cbbd3c679cf3c25d6
  Starscream: ef3ece99d765eeccb67de105bfa143f929026cf5

PODFILE CHECKSUM: 25758a6c95c05be43daff02b8799e49b052ac39f

COCOAPODS: 1.6.1
